Microsoft Visual Studio Solution File, Format Version 11.00
# Visual Studio 2008

Project("{5DDD3810-F05F-722A-FBBC-485C3BEF88A0}") = "Lost-Memory", "Assembly-CSharp.csproj", "{61D5F166-2C40-BA68-E85B-E7B36EA4884D}"
EndProject
Project("{5DDD3810-F05F-722A-FBBC-485C3BEF88A0}") = "Lost-Memory", "Assembly-CSharp-Editor.csproj", "{6336BEA7-2B5C-6D6C-9BB0-7E63DE82A742}"
EndProject
Project("{5DDD3810-F05F-722A-FBBC-485C3BEF88A0}") = "Lost-Memory", "Assembly-UnityScript.unityproj", "{79DC1540-0A5B-2E0E-CD94-53AEB51ECA6E}"
EndProject
Project("{5DDD3810-F05F-722A-FBBC-485C3BEF88A0}") = "Lost-Memory", "Assembly-UnityScript-Editor.unityproj", "{99AA8C9C-0B02-18BA-07B9-785FBC9964CD}"
EndProject
Global
	GlobalSection(SolutionConfigurationPlatforms) = preSolution
		Debug|Any CPU = Debug|Any CPU
		Release|Any CPU = Release|Any CPU
	EndGlobalSection
	GlobalSection(ProjectConfigurationPlatforms) = postSolution
		{61D5F166-2C40-BA68-E85B-E7B36EA4884D}.Debug|Any CPU.ActiveCfg = Debug|Any CPU
		{61D5F166-2C40-BA68-E85B-E7B36EA4884D}.Debug|Any CPU.Build.0 = Debug|Any CPU
		{61D5F166-2C40-BA68-E85B-E7B36EA4884D}.Release|Any CPU.ActiveCfg = Release|Any CPU
		{61D5F166-2C40-BA68-E85B-E7B36EA4884D}.Release|Any CPU.Build.0 = Release|Any CPU
		{6336BEA7-2B5C-6D6C-9BB0-7E63DE82A742}.Debug|Any CPU.ActiveCfg = Debug|Any CPU
		{6336BEA7-2B5C-6D6C-9BB0-7E63DE82A742}.Debug|Any CPU.Build.0 = Debug|Any CPU
		{6336BEA7-2B5C-6D6C-9BB0-7E63DE82A742}.Release|Any CPU.ActiveCfg = Release|Any CPU
		{6336BEA7-2B5C-6D6C-9BB0-7E63DE82A742}.Release|Any CPU.Build.0 = Release|Any CPU
		{79DC1540-0A5B-2E0E-CD94-53AEB51ECA6E}.Debug|Any CPU.ActiveCfg = Debug|Any CPU
		{79DC1540-0A5B-2E0E-CD94-53AEB51ECA6E}.Debug|Any CPU.Build.0 = Debug|Any CPU
		{79DC1540-0A5B-2E0E-CD94-53AEB51ECA6E}.Release|Any CPU.ActiveCfg = Release|Any CPU
		{79DC1540-0A5B-2E0E-CD94-53AEB51ECA6E}.Release|Any CPU.Build.0 = Release|Any CPU
		{99AA8C9C-0B02-18BA-07B9-785FBC9964CD}.Debug|Any CPU.ActiveCfg = Debug|Any CPU
		{99AA8C9C-0B02-18BA-07B9-785FBC9964CD}.Debug|Any CPU.Build.0 = Debug|Any CPU
		{99AA8C9C-0B02-18BA-07B9-785FBC9964CD}.Release|Any CPU.ActiveCfg = Release|Any CPU
		{99AA8C9C-0B02-18BA-07B9-785FBC9964CD}.Release|Any CPU.Build.0 = Release|Any CPU
	EndGlobalSection
	GlobalSection(SolutionProperties) = preSolution
		HideSolutionNode = FALSE
	EndGlobalSection
	GlobalSection(MonoDevelopProperties) = preSolution
		StartupItem = Assembly-CSharp.csproj
		Policies = $0
		$0.TextStylePolicy = $1
		$1.inheritsSet = null
		$1.scope = text/x-csharp
		$0.CSharpFormattingPolicy = $2
		$2.inheritsSet = Mono
		$2.inheritsScope = text/x-csharp
		$2.scope = text/x-csharp
		$0.TextStylePolicy = $3
		$3.FileWidth = 120
		$3.TabWidth = 4
		$3.EolMarker = Unix
		$3.inheritsSet = Mono
		$3.inheritsScope = text/plain
		$3.scope = text/plain
	EndGlobalSection
EndGlobal
